<?xml version="1.0" encoding="utf-8"?>
<Project ToolsVersion="4.0" xmlns="http://schemas.microsoft.com/developer/msbuild/2003">
  <ItemGroup>
    <Filter Include="リソース ファイル">
      <UniqueIdentifier>{67DA6AB6-F800-4c08-8B7A-83BB121AAD01}</UniqueIdentifier>
      <Extensions>rc;ico;cur;bmp;dlg;rc2;rct;bin;rgs;gif;jpg;jpeg;jpe;resx;tiff;tif;png;wav;mfcribbon-ms</Extensions>
    </Filter>
    <Filter Include="main">
      <UniqueIdentifier>{1f831b9a-1d94-4758-a653-4c977c0472cc}</UniqueIdentifier>
    </Filter>
    <Filter Include="input">
      <UniqueIdentifier>{936743ab-5d92-4bbc-9d5e-a7b51bbe805d}</UniqueIdentifier>
    </Filter>
    <Filter Include="object">
      <UniqueIdentifier>{4ec9b9cf-0286-4bda-bd00-7a0ec038d1f0}</UniqueIdentifier>
    </Filter>
    <Filter Include="object\scene">
      <UniqueIdentifier>{5207884a-4e7a-4258-915f-e4aec648b88c}</UniqueIdentifier>
    </Filter>
    <Filter Include="object\mesh">
      <UniqueIdentifier>{49b91999-f57f-4c76-83f0-ecb5c3d6587f}</UniqueIdentifier>
    </Filter>
    <Filter Include="view">
      <UniqueIdentifier>{2421077c-becb-4b75-a95c-81f38b26622d}</UniqueIdentifier>
    </Filter>
    <Filter Include="phase">
      <UniqueIdentifier>{1fa324ed-f41a-417b-abb7-0b6f9d9acf19}</UniqueIdentifier>
    </Filter>
    <Filter Include="object\character">
      <UniqueIdentifier>{dea42c2b-8d53-4d78-9668-c5bbe592cb29}</UniqueIdentifier>
    </Filter>
    <Filter Include="object\character\dust">
      <UniqueIdentifier>{32a7b25e-262c-4d84-9887-93b7d941b8b0}</UniqueIdentifier>
    </Filter>
  </ItemGroup>
  <ItemGroup>
    <ClCompile Include="debugproc.cpp">
      <Filter>main</Filter>
    </ClCompile>
    <ClCompile Include="renderer.cpp">
      <Filter>main</Filter>
    </ClCompile>
    <ClCompile Include="main.cpp">
      <Filter>main</Filter>
    </ClCompile>
    <ClCompile Include="manager.cpp">
      <Filter>main</Filter>
    </ClCompile>
    <ClCompile Include="input.cpp">
      <Filter>input</Filter>
    </ClCompile>
    <ClCompile Include="inputKeyboard.cpp">
      <Filter>input</Filter>
    </ClCompile>
    <ClCompile Include="inputMouse.cpp">
      <Filter>input</Filter>
    </ClCompile>
    <ClCompile Include="inputPadX.cpp">
      <Filter>input</Filter>
    </ClCompile>
    <ClCompile Include="scene.cpp">
      <Filter>object\scene</Filter>
    </ClCompile>
    <ClCompile Include="scene2D.cpp">
      <Filter>object\scene</Filter>
    </ClCompile>
    <ClCompile Include="scene3D.cpp">
      <Filter>object\scene</Filter>
    </ClCompile>
    <ClCompile Include="sceneBillboard.cpp">
      <Filter>object\scene</Filter>
    </ClCompile>
    <ClCompile Include="sceneX.cpp">
      <Filter>object\scene</Filter>
    </ClCompile>
    <ClCompile Include="import.cpp">
      <Filter>object</Filter>
    </ClCompile>
    <ClCompile Include="listObject.cpp">
      <Filter>object</Filter>
    </ClCompile>
    <ClCompile Include="meshCylinder.cpp">
      <Filter>object\mesh</Filter>
    </ClCompile>
    <ClCompile Include="meshDome.cpp">
      <Filter>object\mesh</Filter>
    </ClCompile>
    <ClCompile Include="meshField.cpp">
      <Filter>object\mesh</Filter>
    </ClCompile>
    <ClCompile Include="meshWall.cpp">
      <Filter>object\mesh</Filter>
    </ClCompile>
    <ClCompile Include="camera.cpp">
      <Filter>view</Filter>
    </ClCompile>
    <ClCompile Include="light.cpp">
      <Filter>view</Filter>
    </ClCompile>
    <ClCompile Include="fade.cpp">
      <Filter>phase</Filter>
    </ClCompile>
    <ClCompile Include="phase.cpp">
      <Filter>phase</Filter>
    </ClCompile>
    <ClCompile Include="result.cpp">
      <Filter>phase</Filter>
    </ClCompile>
    <ClCompile Include="title.cpp">
      <Filter>phase</Filter>
    </ClCompile>
    <ClCompile Include="game.cpp">
      <Filter>phase</Filter>
    </ClCompile>
    <ClCompile Include="player.cpp">
      <Filter>object\character</Filter>
    </ClCompile>
    <ClCompile Include="dust.cpp">
      <Filter>object\character\dust</Filter>
    </ClCompile>
    <ClCompile Include="dustManager.cpp">
      <Filter>object\character\dust</Filter>
    </ClCompile>
    <ClCompile Include="dustAI.cpp">
      <Filter>object\character\dust</Filter>
    </ClCompile>
  </ItemGroup>
  <ItemGroup>
    <ClInclude Include="debugproc.h">
      <Filter>main</Filter>
    </ClInclude>
    <ClInclude Include="renderer.h">
      <Filter>main</Filter>
    </ClInclude>
    <ClInclude Include="main.h">
      <Filter>main</Filter>
    </ClInclude>
    <ClInclude Include="manager.h">
      <Filter>main</Filter>
    </ClInclude>
    <ClInclude Include="input.h">
      <Filter>input</Filter>
    </ClInclude>
    <ClInclude Include="inputKeyboard.h">
      <Filter>input</Filter>
    </ClInclude>
    <ClInclude Include="inputMouse.h">
      <Filter>input</Filter>
    </ClInclude>
    <ClInclude Include="inputPadX.h">
      <Filter>input</Filter>
    </ClInclude>
    <ClInclude Include="sceneX.h">
      <Filter>object\scene</Filter>
    </ClInclude>
    <ClInclude Include="scene.h">
      <Filter>object\scene</Filter>
    </ClInclude>
    <ClInclude Include="scene2D.h">
      <Filter>object\scene</Filter>
    </ClInclude>
    <ClInclude Include="scene3D.h">
      <Filter>object\scene</Filter>
    </ClInclude>
    <ClInclude Include="sceneBillboard.h">
      <Filter>object\scene</Filter>
    </ClInclude>
    <ClInclude Include="import.h">
      <Filter>object</Filter>
    </ClInclude>
    <ClInclude Include="listObject.h">
      <Filter>object</Filter>
    </ClInclude>
    <ClInclude Include="meshCylinder.h">
      <Filter>object\mesh</Filter>
    </ClInclude>
    <ClInclude Include="meshDome.h">
      <Filter>object\mesh</Filter>
    </ClInclude>
    <ClInclude Include="meshField.h">
      <Filter>object\mesh</Filter>
    </ClInclude>
    <ClInclude Include="meshWall.h">
      <Filter>object\mesh</Filter>
    </ClInclude>
    <ClInclude Include="camera.h">
      <Filter>view</Filter>
    </ClInclude>
    <ClInclude Include="light.h">
      <Filter>view</Filter>
    </ClInclude>
    <ClInclude Include="fade.h">
      <Filter>phase</Filter>
    </ClInclude>
    <ClInclude Include="phase.h">
      <Filter>phase</Filter>
    </ClInclude>
    <ClInclude Include="result.h">
      <Filter>phase</Filter>
    </ClInclude>
    <ClInclude Include="title.h">
      <Filter>phase</Filter>
    </ClInclude>
    <ClInclude Include="game.h">
      <Filter>phase</Filter>
    </ClInclude>
    <ClInclude Include="player.h">
      <Filter>object\character</Filter>
    </ClInclude>
    <ClInclude Include="dust.h">
      <Filter>object\character\dust</Filter>
    </ClInclude>
    <ClInclude Include="dustManager.h">
      <Filter>object\character\dust</Filter>
    </ClInclude>
    <ClInclude Include="dustAI.h">
      <Filter>object\character\dust</Filter>
    </ClInclude>
  </ItemGroup>
</Project>